
Microsoft Visual Studio Solution File, Format Version 12.00
# Visual Studio Version 17
VisualStudioVersion = 17.14.36221.1
MinimumVisualStudioVersion = 10.0.40219.1
Project("{FAE04EC0-301F-11D3-BF4B-00C04F79EFBC}") = "HttpGossip", "src\HttpGossip\HttpGossip.csproj", "{D319C864-272E-45C0-A77D-5AD462EE277B}"
EndProject
Project("{2150E333-8FDC-42A3-9474-1A3956D46DE8}") = "src", "src", "{02EA681E-C7D8-13C7-8484-4AC65E1B71E8}"
EndProject
Global
	GlobalSection(SolutionConfigurationPlatforms) = preSolution
		Debug|Any CPU = Debug|Any CPU
		Release|Any CPU = Release|Any CPU
	EndGlobalSection
	GlobalSection(ProjectConfigurationPlatforms) = postSolution
		{D319C864-272E-45C0-A77D-5AD462EE277B}.Debug|Any CPU.ActiveCfg = Debug|Any CPU
		{D319C864-272E-45C0-A77D-5AD462EE277B}.Debug|Any CPU.Build.0 = Debug|Any CPU
		{D319C864-272E-45C0-A77D-5AD462EE277B}.Release|Any CPU.ActiveCfg = Release|Any CPU
		{D319C864-272E-45C0-A77D-5AD462EE277B}.Release|Any CPU.Build.0 = Release|Any CPU
	EndGlobalSection
	GlobalSection(SolutionProperties) = preSolution
		HideSolutionNode = FALSE
	EndGlobalSection
	GlobalSection(NestedProjects) = preSolution
		{D319C864-272E-45C0-A77D-5AD462EE277B} = {02EA681E-C7D8-13C7-8484-4AC65E1B71E8}
	EndGlobalSection
	GlobalSection(ExtensibilityGlobals) = postSolution
		SolutionGuid = {7B3437C4-4FBA-4ABA-88CF-609D768EC1D1}
	EndGlobalSection
EndGlobal
